
Microsoft Visual Studio Solution File, Format Version 12.00
# Visual Studio Version 17
VisualStudioVersion = 17.1.32228.430
MinimumVisualStudioVersion = 10.0.40219.1
Project("{FAE04EC0-301F-11D3-BF4B-00C04F79EFBC}") = "CalculadoraMontos", "CalculadoraMontos\CalculadoraMontos.csproj", "{DD9E9F1F-AAAD-47BA-B35B-568BD2B4B37F}"
EndProject
Project("{FAE04EC0-301F-11D3-BF4B-00C04F79EFBC}") = "NotasAlumnos", "NotasAlumnos\NotasAlumnos.csproj", "{446FC0C3-FDB3-4AA6-AC4B-FD10E7D03FC9}"
EndProject
Project("{FAE04EC0-301F-11D3-BF4B-00C04F79EFBC}") = "ConversionMedidas", "ConversionMedidas\ConversionMedidas.csproj", "{AF46C700-1044-457C-8C29-1FCE4D4EE3AA}"
EndProject
Project("{FAE04EC0-301F-11D3-BF4B-00C04F79EFBC}") = "CappitalEmpresa", "CappitalEmpresa\CappitalEmpresa.csproj", "{1CF6F2CF-9992-47AE-AC92-D0AE3026E229}"
EndProject
Project("{FAE04EC0-301F-11D3-BF4B-00C04F79EFBC}") = "ControlVentasProductos", "ControlVentasProductos\ControlVentasProductos.csproj", "{38EE5F90-C2CD-4186-87BA-6A6E4FD47B93}"
EndProject
Global
	GlobalSection(SolutionConfigurationPlatforms) = preSolution
		Debug|Any CPU = Debug|Any CPU
		Release|Any CPU = Release|Any CPU
	EndGlobalSection
	GlobalSection(ProjectConfigurationPlatforms) = postSolution
		{DD9E9F1F-AAAD-47BA-B35B-568BD2B4B37F}.Debug|Any CPU.ActiveCfg = Debug|Any CPU
		{DD9E9F1F-AAAD-47BA-B35B-568BD2B4B37F}.Debug|Any CPU.Build.0 = Debug|Any CPU
		{DD9E9F1F-AAAD-47BA-B35B-568BD2B4B37F}.Release|Any CPU.ActiveCfg = Release|Any CPU
		{DD9E9F1F-AAAD-47BA-B35B-568BD2B4B37F}.Release|Any CPU.Build.0 = Release|Any CPU
		{446FC0C3-FDB3-4AA6-AC4B-FD10E7D03FC9}.Debug|Any CPU.ActiveCfg = Debug|Any CPU
		{446FC0C3-FDB3-4AA6-AC4B-FD10E7D03FC9}.Debug|Any CPU.Build.0 = Debug|Any CPU
		{446FC0C3-FDB3-4AA6-AC4B-FD10E7D03FC9}.Release|Any CPU.ActiveCfg = Release|Any CPU
		{446FC0C3-FDB3-4AA6-AC4B-FD10E7D03FC9}.Release|Any CPU.Build.0 = Release|Any CPU
		{AF46C700-1044-457C-8C29-1FCE4D4EE3AA}.Debug|Any CPU.ActiveCfg = Debug|Any CPU
		{AF46C700-1044-457C-8C29-1FCE4D4EE3AA}.Debug|Any CPU.Build.0 = Debug|Any CPU
		{AF46C700-1044-457C-8C29-1FCE4D4EE3AA}.Release|Any CPU.ActiveCfg = Release|Any CPU
		{AF46C700-1044-457C-8C29-1FCE4D4EE3AA}.Release|Any CPU.Build.0 = Release|Any CPU
		{1CF6F2CF-9992-47AE-AC92-D0AE3026E229}.Debug|Any CPU.ActiveCfg = Debug|Any CPU
		{1CF6F2CF-9992-47AE-AC92-D0AE3026E229}.Debug|Any CPU.Build.0 = Debug|Any CPU
		{1CF6F2CF-9992-47AE-AC92-D0AE3026E229}.Release|Any CPU.ActiveCfg = Release|Any CPU
		{1CF6F2CF-9992-47AE-AC92-D0AE3026E229}.Release|Any CPU.Build.0 = Release|Any CPU
		{38EE5F90-C2CD-4186-87BA-6A6E4FD47B93}.Debug|Any CPU.ActiveCfg = Debug|Any CPU
		{38EE5F90-C2CD-4186-87BA-6A6E4FD47B93}.Debug|Any CPU.Build.0 = Debug|Any CPU
		{38EE5F90-C2CD-4186-87BA-6A6E4FD47B93}.Release|Any CPU.ActiveCfg = Release|Any CPU
		{38EE5F90-C2CD-4186-87BA-6A6E4FD47B93}.Release|Any CPU.Build.0 = Release|Any CPU
	EndGlobalSection
	GlobalSection(SolutionProperties) = preSolution
		HideSolutionNode = FALSE
	EndGlobalSection
	GlobalSection(ExtensibilityGlobals) = postSolution
		SolutionGuid = {1EEEAD69-9042-425E-B894-356C66203713}
	EndGlobalSection
EndGlobal
